
Microsoft Visual Studio Solution File, Format Version 12.00
# Visual Studio Version 17
VisualStudioVersion = 17.3.32811.315
MinimumVisualStudioVersion = 10.0.40219.1
Project("{FAE04EC0-301F-11D3-BF4B-00C04F79EFBC}") = "UniversityVersion2.Web", "UniversityVersion2.Web\UniversityVersion2.Web.csproj", "{892F8B2F-3946-400E-8EAE-E5462228E69B}"
EndProject
Global
	GlobalSection(SolutionConfigurationPlatforms) = preSolution
		Debug|Any CPU = Debug|Any CPU
		Release|Any CPU = Release|Any CPU
	EndGlobalSection
	GlobalSection(ProjectConfigurationPlatforms) = postSolution
		{892F8B2F-3946-400E-8EAE-E5462228E69B}.Debug|Any CPU.ActiveCfg = Debug|Any CPU
		{892F8B2F-3946-400E-8EAE-E5462228E69B}.Debug|Any CPU.Build.0 = Debug|Any CPU
		{892F8B2F-3946-400E-8EAE-E5462228E69B}.Release|Any CPU.ActiveCfg = Release|Any CPU
		{892F8B2F-3946-400E-8EAE-E5462228E69B}.Release|Any CPU.Build.0 = Release|Any CPU
	EndGlobalSection
	GlobalSection(SolutionProperties) = preSolution
		HideSolutionNode = FALSE
	EndGlobalSection
	GlobalSection(ExtensibilityGlobals) = postSolution
		SolutionGuid = {22F8C221-5C67-4E2E-BBA0-B7BC05A0FF9B}
	EndGlobalSection
EndGlobal
